
Microsoft Visual Studio Solution File, Format Version 12.00
# Visual Studio Version 16
VisualStudioVersion = 16.0.31702.278
MinimumVisualStudioVersion = 10.0.40219.1
Project("{9A19103F-16F7-4668-BE54-9A1E7A4F7556}") = "Reverse Array", "Reverse Array\Reverse Array.csproj", "{59F62662-9F47-4E15-8F18-8CC9D52964D1}"
EndProject
Project("{FAE04EC0-301F-11D3-BF4B-00C04F79EFBC}") = "Fibonacci Sequence", "Fibonacci Sequence\Fibonacci Sequence.csproj", "{D55A0AF1-E269-4FD5-9AA2-CB902F28C0A8}"
EndProject
Project("{FAE04EC0-301F-11D3-BF4B-00C04F79EFBC}") = "Four Basic Principles of OOP", "Four Basic Principles of OOP\Four Basic Principles of OOP.csproj", "{04DFD66C-EC7E-4485-960D-8A0687DF9F69}"
EndProject
Global
	GlobalSection(SolutionConfigurationPlatforms) = preSolution
		Debug|Any CPU = Debug|Any CPU
		Release|Any CPU = Release|Any CPU
	EndGlobalSection
	GlobalSection(ProjectConfigurationPlatforms) = postSolution
		{59F62662-9F47-4E15-8F18-8CC9D52964D1}.Debug|Any CPU.ActiveCfg = Debug|Any CPU
		{59F62662-9F47-4E15-8F18-8CC9D52964D1}.Debug|Any CPU.Build.0 = Debug|Any CPU
		{59F62662-9F47-4E15-8F18-8CC9D52964D1}.Release|Any CPU.ActiveCfg = Release|Any CPU
		{59F62662-9F47-4E15-8F18-8CC9D52964D1}.Release|Any CPU.Build.0 = Release|Any CPU
		{D55A0AF1-E269-4FD5-9AA2-CB902F28C0A8}.Debug|Any CPU.ActiveCfg = Debug|Any CPU
		{D55A0AF1-E269-4FD5-9AA2-CB902F28C0A8}.Debug|Any CPU.Build.0 = Debug|Any CPU
		{D55A0AF1-E269-4FD5-9AA2-CB902F28C0A8}.Release|Any CPU.ActiveCfg = Release|Any CPU
		{D55A0AF1-E269-4FD5-9AA2-CB902F28C0A8}.Release|Any CPU.Build.0 = Release|Any CPU
		{04DFD66C-EC7E-4485-960D-8A0687DF9F69}.Debug|Any CPU.ActiveCfg = Debug|Any CPU
		{04DFD66C-EC7E-4485-960D-8A0687DF9F69}.Debug|Any CPU.Build.0 = Debug|Any CPU
		{04DFD66C-EC7E-4485-960D-8A0687DF9F69}.Release|Any CPU.ActiveCfg = Release|Any CPU
		{04DFD66C-EC7E-4485-960D-8A0687DF9F69}.Release|Any CPU.Build.0 = Release|Any CPU
	EndGlobalSection
	GlobalSection(SolutionProperties) = preSolution
		HideSolutionNode = FALSE
	EndGlobalSection
	GlobalSection(ExtensibilityGlobals) = postSolution
		SolutionGuid = {6A36177F-716C-4B77-8EAA-17C502002E0A}
	EndGlobalSection
EndGlobal
